
Microsoft Visual Studio Solution File, Format Version 12.00
# Visual Studio Version 17
VisualStudioVersion = 17.11.35208.52
MinimumVisualStudioVersion = 10.0.40219.1
Project("{9A19103F-16F7-4668-BE54-9A1E7A4F7556}") = "KSM.Repository", "KSM.Repository\KSM.Repository.csproj", "{BCE1C371-B28F-46AC-9410-CF52AAD30774}"
EndProject
Project("{FAE04EC0-301F-11D3-BF4B-00C04F79EFBC}") = "KSM.APIService", "KSM.APIService\KSM.APIService.csproj", "{EF7EFA23-7845-440E-93E1-5EF22153CF3D}"
EndProject
Global
	GlobalSection(SolutionConfigurationPlatforms) = preSolution
		Debug|Any CPU = Debug|Any CPU
		Release|Any CPU = Release|Any CPU
	EndGlobalSection
	GlobalSection(ProjectConfigurationPlatforms) = postSolution
		{BCE1C371-B28F-46AC-9410-CF52AAD30774}.Debug|Any CPU.ActiveCfg = Debug|Any CPU
		{BCE1C371-B28F-46AC-9410-CF52AAD30774}.Debug|Any CPU.Build.0 = Debug|Any CPU
		{BCE1C371-B28F-46AC-9410-CF52AAD30774}.Release|Any CPU.ActiveCfg = Release|Any CPU
		{BCE1C371-B28F-46AC-9410-CF52AAD30774}.Release|Any CPU.Build.0 = Release|Any CPU
		{EF7EFA23-7845-440E-93E1-5EF22153CF3D}.Debug|Any CPU.ActiveCfg = Debug|Any CPU
		{EF7EFA23-7845-440E-93E1-5EF22153CF3D}.Debug|Any CPU.Build.0 = Debug|Any CPU
		{EF7EFA23-7845-440E-93E1-5EF22153CF3D}.Release|Any CPU.ActiveCfg = Release|Any CPU
		{EF7EFA23-7845-440E-93E1-5EF22153CF3D}.Release|Any CPU.Build.0 = Release|Any CPU
	EndGlobalSection
	GlobalSection(SolutionProperties) = preSolution
		HideSolutionNode = FALSE
	EndGlobalSection
	GlobalSection(ExtensibilityGlobals) = postSolution
		SolutionGuid = {37C52B1C-F2C2-443A-BEDF-07C56A3FC26D}
	EndGlobalSection
EndGlobal
